// !$*UTF8*$!
{
	archiveVersion = 1;
	classes = {
	};
	objectVersion = 60;
	objects = {

/* Begin PBXBuildFile section */
		2D73FC4D2C3F059E00B2C67A /* lab3exe_A.cpp in Sources */ = {isa = PBXBuildFile; fileRef = 2D73FC4C2C3F059E00B2C67A /* lab3exe_A.cpp */; };
		2DB887902C46F8AB00B933B1 /* lab3exe_C.cpp in Sources */ = {isa = PBXBuildFile; fileRef = 2DB8878F2C46F8AB00B933B1 /* lab3exe_C.cpp */; };
		2DB887952C46FA7100B933B1 /* lab3Clock.cpp in Sources */ = {isa = PBXBuildFile; fileRef = 2DB887942C46FA7100B933B1 /* lab3Clock.cpp */; };
		2DB887A72C47157600B933B1 /* CircularQueue_tester.cpp in Sources */ = {isa = PBXBuildFile; fileRef = 2DB887A42C47157600B933B1 /* CircularQueue_tester.cpp */; };
		2DB887A82C47157600B933B1 /* CircularQueue.cpp in Sources */ = {isa = PBXBuildFile; fileRef = 2DB887A32C47157600B933B1 /* CircularQueue.cpp */; };
		2DB887B72C47249300B933B1 /* DynamicStack_tester.cpp in Sources */ = {isa = PBXBuildFile; fileRef = 2DB887B62C47249300B933B1 /* DynamicStack_tester.cpp */; };
		2DB887B82C47249300B933B1 /* DynamicStack.cpp in Sources */ = {isa = PBXBuildFile; fileRef = 2DB887B52C47249300B933B1 /* DynamicStack.cpp */; };
		2DB887C52C4774DA00B933B1 /* lab3exe_F.cpp in Sources */ = {isa = PBXBuildFile; fileRef = 2DB887C42C4774DA00B933B1 /* lab3exe_F.cpp */; };
		2DB887D42C477BC800B933B1 /* lab3exe_B.cpp in Sources */ = {isa = PBXBuildFile; fileRef = 2DB887D32C477BC800B933B1 /* lab3exe_B.cpp */; };
		2DB887D52C477BC800B933B1 /* cplx_number.cpp in Sources */ = {isa = PBXBuildFile; fileRef = 2DB887D22C477BC800B933B1 /* cplx_number.cpp */; };
/* End PBXBuildFile section */

/* Begin PBXCopyFilesBuildPhase section */
		2D73FC352C3EFFBF00B2C67A /* CopyFiles */ = {
			isa = PBXCopyFilesBuildPhase;
			buildActionMask = 2147483647;
			dstPath = /usr/share/man/man1/;
			dstSubfolderSpec = 0;
			files = (
			);
			runOnlyForDeploymentPostprocessing = 1;
		};
		2D73FC432C3F058600B2C67A /* CopyFiles */ = {
			isa = PBXCopyFilesBuildPhase;
			buildActionMask = 2147483647;
			dstPath = /usr/share/man/man1/;
			dstSubfolderSpec = 0;
			files = (
			);
			runOnlyForDeploymentPostprocessing = 1;
		};
		2DB887862C4621D000B933B1 /* CopyFiles */ = {
			isa = PBXCopyFilesBuildPhase;
			buildActionMask = 2147483647;
			dstPath = /usr/share/man/man1/;
			dstSubfolderSpec = 0;
			files = (
			);
			runOnlyForDeploymentPostprocessing = 1;
		};
		2DB887992C47155800B933B1 /* CopyFiles */ = {
			isa = PBXCopyFilesBuildPhase;
			buildActionMask = 2147483647;
			dstPath = /usr/share/man/man1/;
			dstSubfolderSpec = 0;
			files = (
			);
			runOnlyForDeploymentPostprocessing = 1;
		};
		2DB887AB2C47248400B933B1 /* CopyFiles */ = {
			isa = PBXCopyFilesBuildPhase;
			buildActionMask = 2147483647;
			dstPath = /usr/share/man/man1/;
			dstSubfolderSpec = 0;
			files = (
			);
			runOnlyForDeploymentPostprocessing = 1;
		};
		2DB887BB2C47749D00B933B1 /* CopyFiles */ = {
			isa = PBXCopyFilesBuildPhase;
			buildActionMask = 2147483647;
			dstPath = /usr/share/man/man1/;
			dstSubfolderSpec = 0;
			files = (
			);
			runOnlyForDeploymentPostprocessing = 1;
		};
		2DB887C82C477B9500B933B1 /* CopyFiles */ = {
			isa = PBXCopyFilesBuildPhase;
			buildActionMask = 2147483647;
			dstPath = /usr/share/man/man1/;
			dstSubfolderSpec = 0;
			files = (
			);
			runOnlyForDeploymentPostprocessing = 1;
		};
/* End PBXCopyFilesBuildPhase section */

/* Begin PBXFileReference section */
		2D73FC372C3EFFBF00B2C67A /* ENSF-694Lab3 */ = {isa = PBXFileReference; explicitFileType = "compiled.mach-o.executable"; includeInIndex = 0; path = "ENSF-694Lab3"; sourceTree = BUILT_PRODUCTS_DIR; };
		2D73FC452C3F058600B2C67A /* exerciseA */ = {isa = PBXFileReference; explicitFileType = "compiled.mach-o.executable"; includeInIndex = 0; path = exerciseA; sourceTree = BUILT_PRODUCTS_DIR; };
		2D73FC4C2C3F059E00B2C67A /* lab3exe_A.cpp */ = {isa = PBXFileReference; lastKnownFileType = sourcecode.cpp.cpp; path = lab3exe_A.cpp; sourceTree = "<group>"; };
		2DB887882C4621D000B933B1 /* exerciseC */ = {isa = PBXFileReference; explicitFileType = "compiled.mach-o.executable"; includeInIndex = 0; path = exerciseC; sourceTree = BUILT_PRODUCTS_DIR; };
		2DB8878F2C46F8AB00B933B1 /* lab3exe_C.cpp */ = {isa = PBXFileReference; lastKnownFileType = sourcecode.cpp.cpp; path = lab3exe_C.cpp; sourceTree = "<group>"; };
		2DB887942C46FA7100B933B1 /* lab3Clock.cpp */ = {isa = PBXFileReference; lastKnownFileType = sourcecode.cpp.cpp; path = lab3Clock.cpp; sourceTree = "<group>"; };
		2DB887962C46FAC000B933B1 /* lab3Clock.h */ = {isa = PBXFileReference; lastKnownFileType = sourcecode.c.h; path = lab3Clock.h; sourceTree = "<group>"; };
		2DB8879B2C47155800B933B1 /* exerciseD */ = {isa = PBXFileReference; explicitFileType = "compiled.mach-o.executable"; includeInIndex = 0; path = exerciseD; sourceTree = BUILT_PRODUCTS_DIR; };
		2DB887A22C47157600B933B1 /* CircularQueue.h */ = {isa = PBXFileReference; lastKnownFileType = sourcecode.c.h; path = CircularQueue.h; sourceTree = "<group>"; };
		2DB887A32C47157600B933B1 /* CircularQueue.cpp */ = {isa = PBXFileReference; lastKnownFileType = sourcecode.cpp.cpp; path = CircularQueue.cpp; sourceTree = "<group>"; };
		2DB887A42C47157600B933B1 /* CircularQueue_tester.cpp */ = {isa = PBXFileReference; lastKnownFileType = sourcecode.cpp.cpp; path = CircularQueue_tester.cpp; sourceTree = "<group>"; };
		2DB887A52C47157600B933B1 /* data1.txt */ = {isa = PBXFileReference; lastKnownFileType = text; path = data1.txt; sourceTree = "<group>"; };
		2DB887A62C47157600B933B1 /* data2.txt */ = {isa = PBXFileReference; lastKnownFileType = text; path = data2.txt; sourceTree = "<group>"; };
		2DB887AD2C47248400B933B1 /* exerciseE */ = {isa = PBXFileReference; explicitFileType = "compiled.mach-o.executable"; includeInIndex = 0; path = exerciseE; sourceTree = BUILT_PRODUCTS_DIR; };
		2DB887B42C47249300B933B1 /* DynamicStack.h */ = {isa = PBXFileReference; lastKnownFileType = sourcecode.c.h; path = DynamicStack.h; sourceTree = "<group>"; };
		2DB887B52C47249300B933B1 /* DynamicStack.cpp */ = {isa = PBXFileReference; lastKnownFileType = sourcecode.cpp.cpp; path = DynamicStack.cpp; sourceTree = "<group>"; };
		2DB887B62C47249300B933B1 /* DynamicStack_tester.cpp */ = {isa = PBXFileReference; lastKnownFileType = sourcecode.cpp.cpp; path = DynamicStack_tester.cpp; sourceTree = "<group>"; };
		2DB887BD2C47749D00B933B1 /* exerciseF */ = {isa = PBXFileReference; explicitFileType = "compiled.mach-o.executable"; includeInIndex = 0; path = exerciseF; sourceTree = BUILT_PRODUCTS_DIR; };
		2DB887C42C4774DA00B933B1 /* lab3exe_F.cpp */ = {isa = PBXFileReference; lastKnownFileType = sourcecode.cpp.cpp; path = lab3exe_F.cpp; sourceTree = "<group>"; };
		2DB887CA2C477B9500B933B1 /* exerciseB */ = {isa = PBXFileReference; explicitFileType = "compiled.mach-o.executable"; includeInIndex = 0; path = exerciseB; sourceTree = BUILT_PRODUCTS_DIR; };
		2DB887D12C477BC800B933B1 /* cplx_number.h */ = {isa = PBXFileReference; lastKnownFileType = sourcecode.c.h; path = cplx_number.h; sourceTree = "<group>"; };
		2DB887D22C477BC800B933B1 /* cplx_number.cpp */ = {isa = PBXFileReference; lastKnownFileType = sourcecode.cpp.cpp; path = cplx_number.cpp; sourceTree = "<group>"; };
		2DB887D32C477BC800B933B1 /* lab3exe_B.cpp */ = {isa = PBXFileReference; lastKnownFileType = sourcecode.cpp.cpp; path = lab3exe_B.cpp; sourceTree = "<group>"; };
/* End PBXFileReference section */

/* Begin PBXFrameworksBuildPhase section */
		2D73FC342C3EFFBF00B2C67A /* Frameworks */ = {
			isa = PBXFrameworksBuildPhase;
			buildActionMask = 2147483647;
			files = (
			);
			runOnlyForDeploymentPostprocessing = 0;
		};
		2D73FC422C3F058600B2C67A /* Frameworks */ = {
			isa = PBXFrameworksBuildPhase;
			buildActionMask = 2147483647;
			files = (
			);
			runOnlyForDeploymentPostprocessing = 0;
		};
		2DB887852C4621D000B933B1 /* Frameworks */ = {
			isa = PBXFrameworksBuildPhase;
			buildActionMask = 2147483647;
			files = (
			);
			runOnlyForDeploymentPostprocessing = 0;
		};
		2DB887982C47155800B933B1 /* Frameworks */ = {
			isa = PBXFrameworksBuildPhase;
			buildActionMask = 2147483647;
			files = (
			);
			runOnlyForDeploymentPostprocessing = 0;
		};
		2DB887AA2C47248400B933B1 /* Frameworks */ = {
			isa = PBXFrameworksBuildPhase;
			buildActionMask = 2147483647;
			files = (
			);
			runOnlyForDeploymentPostprocessing = 0;
		};
		2DB887BA2C47749D00B933B1 /* Frameworks */ = {
			isa = PBXFrameworksBuildPhase;
			buildActionMask = 2147483647;
			files = (
			);
			runOnlyForDeploymentPostprocessing = 0;
		};
		2DB887C72C477B9500B933B1 /* Frameworks */ = {
			isa = PBXFrameworksBuildPhase;
			buildActionMask = 2147483647;
			files = (
			);
			runOnlyForDeploymentPostprocessing = 0;
		};
/* End PBXFrameworksBuildPhase section */

/* Begin PBXGroup section */
		2D73FC2E2C3EFFBF00B2C67A = {
			isa = PBXGroup;
			children = (
				2D73FC462C3F058700B2C67A /* exerciseA */,
				2DB887CB2C477B9500B933B1 /* exerciseB */,
				2DB887892C4621D000B933B1 /* exerciseC */,
				2DB8879C2C47155800B933B1 /* exerciseD */,
				2DB887AE2C47248400B933B1 /* exerciseE */,
				2DB887BE2C47749D00B933B1 /* exerciseF */,
				2D73FC382C3EFFBF00B2C67A /* Products */,
			);
			sourceTree = "<group>";
		};
		2D73FC382C3EFFBF00B2C67A /* Products */ = {
			isa = PBXGroup;
			children = (
				2D73FC372C3EFFBF00B2C67A /* ENSF-694Lab3 */,
				2D73FC452C3F058600B2C67A /* exerciseA */,
				2DB887882C4621D000B933B1 /* exerciseC */,
				2DB8879B2C47155800B933B1 /* exerciseD */,
				2DB887AD2C47248400B933B1 /* exerciseE */,
				2DB887BD2C47749D00B933B1 /* exerciseF */,
				2DB887CA2C477B9500B933B1 /* exerciseB */,
			);
			name = Products;
			sourceTree = "<group>";
		};
		2D73FC462C3F058700B2C67A /* exerciseA */ = {
			isa = PBXGroup;
			children = (
				2D73FC4C2C3F059E00B2C67A /* lab3exe_A.cpp */,
			);
			path = exerciseA;
			sourceTree = "<group>";
		};
		2DB887892C4621D000B933B1 /* exerciseC */ = {
			isa = PBXGroup;
			children = (
				2DB8878F2C46F8AB00B933B1 /* lab3exe_C.cpp */,
				2DB887942C46FA7100B933B1 /* lab3Clock.cpp */,
				2DB887962C46FAC000B933B1 /* lab3Clock.h */,
			);
			path = exerciseC;
			sourceTree = "<group>";
		};
		2DB8879C2C47155800B933B1 /* exerciseD */ = {
			isa = PBXGroup;
			children = (
				2DB887A22C47157600B933B1 /* CircularQueue.h */,
				2DB887A32C47157600B933B1 /* CircularQueue.cpp */,
				2DB887A42C47157600B933B1 /* CircularQueue_tester.cpp */,
				2DB887A52C47157600B933B1 /* data1.txt */,
				2DB887A62C47157600B933B1 /* data2.txt */,
			);
			path = exerciseD;
			sourceTree = "<group>";
		};
		2DB887AE2C47248400B933B1 /* exerciseE */ = {
			isa = PBXGroup;
			children = (
				2DB887B42C47249300B933B1 /* DynamicStack.h */,
				2DB887B52C47249300B933B1 /* DynamicStack.cpp */,
				2DB887B62C47249300B933B1 /* DynamicStack_tester.cpp */,
			);
			path = exerciseE;
			sourceTree = "<group>";
		};
		2DB887BE2C47749D00B933B1 /* exerciseF */ = {
			isa = PBXGroup;
			children = (
				2DB887C42C4774DA00B933B1 /* lab3exe_F.cpp */,
			);
			path = exerciseF;
			sourceTree = "<group>";
		};
		2DB887CB2C477B9500B933B1 /* exerciseB */ = {
			isa = PBXGroup;
			children = (
				2DB887D12C477BC800B933B1 /* cplx_number.h */,
				2DB887D22C477BC800B933B1 /* cplx_number.cpp */,
				2DB887D32C477BC800B933B1 /* lab3exe_B.cpp */,
			);
			path = exerciseB;
			sourceTree = "<group>";
		};
/* End PBXGroup section */

/* Begin PBXNativeTarget section */
		2D73FC362C3EFFBF00B2C67A /* ENSF-694Lab3 */ = {
			isa = PBXNativeTarget;
			buildConfigurationList = 2D73FC3E2C3EFFBF00B2C67A /* Build configuration list for PBXNativeTarget "ENSF-694Lab3" */;
			buildPhases = (
				2D73FC332C3EFFBF00B2C67A /* Sources */,
				2D73FC342C3EFFBF00B2C67A /* Frameworks */,
				2D73FC352C3EFFBF00B2C67A /* CopyFiles */,
			);
			buildRules = (
			);
			dependencies = (
			);
			name = "ENSF-694Lab3";
			productName = "ENSF-694Lab3";
			productReference = 2D73FC372C3EFFBF00B2C67A /* ENSF-694Lab3 */;
			productType = "com.apple.product-type.tool";
		};
		2D73FC442C3F058600B2C67A /* exerciseA */ = {
			isa = PBXNativeTarget;
			buildConfigurationList = 2D73FC492C3F058700B2C67A /* Build configuration list for PBXNativeTarget "exerciseA" */;
			buildPhases = (
				2D73FC412C3F058600B2C67A /* Sources */,
				2D73FC422C3F058600B2C67A /* Frameworks */,
				2D73FC432C3F058600B2C67A /* CopyFiles */,
			);
			buildRules = (
			);
			dependencies = (
			);
			name = exerciseA;
			productName = exerciseA;
			productReference = 2D73FC452C3F058600B2C67A /* exerciseA */;
			productType = "com.apple.product-type.tool";
		};
		2DB887872C4621D000B933B1 /* exerciseC */ = {
			isa = PBXNativeTarget;
			buildConfigurationList = 2DB8878E2C4621D000B933B1 /* Build configuration list for PBXNativeTarget "exerciseC" */;
			buildPhases = (
				2DB887842C4621D000B933B1 /* Sources */,
				2DB887852C4621D000B933B1 /* Frameworks */,
				2DB887862C4621D000B933B1 /* CopyFiles */,
			);
			buildRules = (
			);
			dependencies = (
			);
			name = exerciseC;
			productName = exerciseC;
			productReference = 2DB887882C4621D000B933B1 /* exerciseC */;
			productType = "com.apple.product-type.tool";
		};
		2DB8879A2C47155800B933B1 /* exerciseD */ = {
			isa = PBXNativeTarget;
			buildConfigurationList = 2DB8879F2C47155800B933B1 /* Build configuration list for PBXNativeTarget "exerciseD" */;
			buildPhases = (
				2DB887972C47155800B933B1 /* Sources */,
				2DB887982C47155800B933B1 /* Frameworks */,
				2DB887992C47155800B933B1 /* CopyFiles */,
			);
			buildRules = (
			);
			dependencies = (
			);
			name = exerciseD;
			productName = exerciseD;
			productReference = 2DB8879B2C47155800B933B1 /* exerciseD */;
			productType = "com.apple.product-type.tool";
		};
		2DB887AC2C47248400B933B1 /* exerciseE */ = {
			isa = PBXNativeTarget;
			buildConfigurationList = 2DB887B12C47248400B933B1 /* Build configuration list for PBXNativeTarget "exerciseE" */;
			buildPhases = (
				2DB887A92C47248400B933B1 /* Sources */,
				2DB887AA2C47248400B933B1 /* Frameworks */,
				2DB887AB2C47248400B933B1 /* CopyFiles */,
			);
			buildRules = (
			);
			dependencies = (
			);
			name = exerciseE;
			productName = exerciseE;
			productReference = 2DB887AD2C47248400B933B1 /* exerciseE */;
			productType = "com.apple.product-type.tool";
		};
		2DB887BC2C47749D00B933B1 /* exerciseF */ = {
			isa = PBXNativeTarget;
			buildConfigurationList = 2DB887C12C47749D00B933B1 /* Build configuration list for PBXNativeTarget "exerciseF" */;
			buildPhases = (
				2DB887B92C47749D00B933B1 /* Sources */,
				2DB887BA2C47749D00B933B1 /* Frameworks */,
				2DB887BB2C47749D00B933B1 /* CopyFiles */,
			);
			buildRules = (
			);
			dependencies = (
			);
			name = exerciseF;
			productName = exerciseF;
			productReference = 2DB887BD2C47749D00B933B1 /* exerciseF */;
			productType = "com.apple.product-type.tool";
		};
		2DB887C92C477B9500B933B1 /* exerciseB */ = {
			isa = PBXNativeTarget;
			buildConfigurationList = 2DB887CE2C477B9500B933B1 /* Build configuration list for PBXNativeTarget "exerciseB" */;
			buildPhases = (
				2DB887C62C477B9500B933B1 /* Sources */,
				2DB887C72C477B9500B933B1 /* Frameworks */,
				2DB887C82C477B9500B933B1 /* CopyFiles */,
			);
			buildRules = (
			);
			dependencies = (
			);
			name = exerciseB;
			productName = exerciseB;
			productReference = 2DB887CA2C477B9500B933B1 /* exerciseB */;
			productType = "com.apple.product-type.tool";
		};
/* End PBXNativeTarget section */

/* Begin PBXProject section */
		2D73FC2F2C3EFFBF00B2C67A /* Project object */ = {
			isa = PBXProject;
			attributes = {
				BuildIndependentTargetsInParallel = 1;
				LastUpgradeCheck = 1600;
				TargetAttributes = {
					2D73FC362C3EFFBF00B2C67A = {
						CreatedOnToolsVersion = 16.0;
					};
					2D73FC442C3F058600B2C67A = {
						CreatedOnToolsVersion = 16.0;
					};
					2DB887872C4621D000B933B1 = {
						CreatedOnToolsVersion = 16.0;
					};
					2DB8879A2C47155800B933B1 = {
						CreatedOnToolsVersion = 16.0;
					};
					2DB887AC2C47248400B933B1 = {
						CreatedOnToolsVersion = 16.0;
					};
					2DB887BC2C47749D00B933B1 = {
						CreatedOnToolsVersion = 16.0;
					};
					2DB887C92C477B9500B933B1 = {
						CreatedOnToolsVersion = 16.0;
					};
				};
			};
			buildConfigurationList = 2D73FC322C3EFFBF00B2C67A /* Build configuration list for PBXProject "ENSF-694Lab3" */;
			compatibilityVersion = "Xcode 15.0";
			developmentRegion = en;
			hasScannedForEncodings = 0;
			knownRegions = (
				en,
				Base,
			);
			mainGroup = 2D73FC2E2C3EFFBF00B2C67A;
			productRefGroup = 2D73FC382C3EFFBF00B2C67A /* Products */;
			projectDirPath = "";
			projectRoot = "";
			targets = (
				2D73FC362C3EFFBF00B2C67A /* ENSF-694Lab3 */,
				2D73FC442C3F058600B2C67A /* exerciseA */,
				2DB887872C4621D000B933B1 /* exerciseC */,
				2DB8879A2C47155800B933B1 /* exerciseD */,
				2DB887AC2C47248400B933B1 /* exerciseE */,
				2DB887BC2C47749D00B933B1 /* exerciseF */,
				2DB887C92C477B9500B933B1 /* exerciseB */,
			);
		};
/* End PBXProject section */

/* Begin PBXSourcesBuildPhase section */
		2D73FC332C3EFFBF00B2C67A /* Sources */ = {
			isa = PBXSourcesBuildPhase;
			buildActionMask = 2147483647;
			files = (
			);
			runOnlyForDeploymentPostprocessing = 0;
		};
		2D73FC412C3F058600B2C67A /* Sources */ = {
			isa = PBXSourcesBuildPhase;
			buildActionMask = 2147483647;
			files = (
				2D73FC4D2C3F059E00B2C67A /* lab3exe_A.cpp in Sources */,
			);
			runOnlyForDeploymentPostprocessing = 0;
		};
		2DB887842C4621D000B933B1 /* Sources */ = {
			isa = PBXSourcesBuildPhase;
			buildActionMask = 2147483647;
			files = (
				2DB887952C46FA7100B933B1 /* lab3Clock.cpp in Sources */,
				2DB887902C46F8AB00B933B1 /* lab3exe_C.cpp in Sources */,
			);
			runOnlyForDeploymentPostprocessing = 0;
		};
		2DB887972C47155800B933B1 /* Sources */ = {
			isa = PBXSourcesBuildPhase;
			buildActionMask = 2147483647;
			files = (
				2DB887A72C47157600B933B1 /* CircularQueue_tester.cpp in Sources */,
				2DB887A82C47157600B933B1 /* CircularQueue.cpp in Sources */,
			);
			runOnlyForDeploymentPostprocessing = 0;
		};
		2DB887A92C47248400B933B1 /* Sources */ = {
			isa = PBXSourcesBuildPhase;
			buildActionMask = 2147483647;
			files = (
				2DB887B72C47249300B933B1 /* DynamicStack_tester.cpp in Sources */,
				2DB887B82C47249300B933B1 /* DynamicStack.cpp in Sources */,
			);
			runOnlyForDeploymentPostprocessing = 0;
		};
		2DB887B92C47749D00B933B1 /* Sources */ = {
			isa = PBXSourcesBuildPhase;
			buildActionMask = 2147483647;
			files = (
				2DB887C52C4774DA00B933B1 /* lab3exe_F.cpp in Sources */,
			);
			runOnlyForDeploymentPostprocessing = 0;
		};
		2DB887C62C477B9500B933B1 /* Sources */ = {
			isa = PBXSourcesBuildPhase;
			buildActionMask = 2147483647;
			files = (
				2DB887D42C477BC800B933B1 /* lab3exe_B.cpp in Sources */,
				2DB887D52C477BC800B933B1 /* cplx_number.cpp in Sources */,
			);
			runOnlyForDeploymentPostprocessing = 0;
		};
/* End PBXSourcesBuildPhase section */

/* Begin XCBuildConfiguration section */
		2D73FC3C2C3EFFBF00B2C67A /* Debug */ = {
			isa = XCBuildConfiguration;
			buildSettings = {
				ALWAYS_SEARCH_USER_PATHS = NO;
				ASSETCATALOG_COMPILER_GENERATE_SWIFT_ASSET_SYMBOL_EXTENSIONS = YES;
				CLANG_ANALYZER_NONNULL = YES;
				CLANG_ANALYZER_NUMBER_OBJECT_CONVERSION = YES_AGGRESSIVE;
				CLANG_CXX_LANGUAGE_STANDARD = "gnu++20";
				CLANG_ENABLE_MODULES = YES;
				CLANG_ENABLE_OBJC_ARC = YES;
				CLANG_ENABLE_OBJC_WEAK = YES;
				CLANG_WARN_BLOCK_CAPTURE_AUTORELEASING = YES;
				CLANG_WARN_BOOL_CONVERSION = YES;
				CLANG_WARN_COMMA = YES;
				CLANG_WARN_CONSTANT_CONVERSION = YES;
				CLANG_WARN_DEPRECATED_OBJC_IMPLEMENTATIONS = YES;
				CLANG_WARN_DIRECT_OBJC_ISA_USAGE = YES_ERROR;
				CLANG_WARN_DOCUMENTATION_COMMENTS = YES;
				CLANG_WARN_EMPTY_BODY = YES;
				CLANG_WARN_ENUM_CONVERSION = YES;
				CLANG_WARN_INFINITE_RECURSION = YES;
				CLANG_WARN_INT_CONVERSION = YES;
				CLANG_WARN_NON_LITERAL_NULL_CONVERSION = YES;
				CLANG_WARN_OBJC_IMPLICIT_RETAIN_SELF = YES;
				CLANG_WARN_OBJC_LITERAL_CONVERSION = YES;
				CLANG_WARN_OBJC_ROOT_CLASS = YES_ERROR;
				CLANG_WARN_QUOTED_INCLUDE_IN_FRAMEWORK_HEADER = YES;
				CLANG_WARN_RANGE_LOOP_ANALYSIS = YES;
				CLANG_WARN_STRICT_PROTOTYPES = YES;
				CLANG_WARN_SUSPICIOUS_MOVE = YES;
				CLANG_WARN_UNGUARDED_AVAILABILITY = YES_AGGRESSIVE;
				CLANG_WARN_UNREACHABLE_CODE = YES;
				CLANG_WARN__DUPLICATE_METHOD_MATCH = YES;
				COPY_PHASE_STRIP = NO;
				DEBUG_INFORMATION_FORMAT = dwarf;
				ENABLE_STRICT_OBJC_MSGSEND = YES;
				ENABLE_TESTABILITY = YES;
				ENABLE_USER_SCRIPT_SANDBOXING = YES;
				GCC_C_LANGUAGE_STANDARD = gnu17;
				GCC_DYNAMIC_NO_PIC = NO;
				GCC_NO_COMMON_BLOCKS = YES;
				GCC_OPTIMIZATION_LEVEL = 0;
				GCC_PREPROCESSOR_DEFINITIONS = (
					"DEBUG=1",
					"$(inherited)",
				);
				GCC_WARN_64_TO_32_BIT_CONVERSION = YES;
				GCC_WARN_ABOUT_RETURN_TYPE = YES_ERROR;
				GCC_WARN_UNDECLARED_SELECTOR = YES;
				GCC_WARN_UNINITIALIZED_AUTOS = YES_AGGRESSIVE;
				GCC_WARN_UNUSED_FUNCTION = YES;
				GCC_WARN_UNUSED_VARIABLE = YES;
				LOCALIZATION_PREFERS_STRING_CATALOGS = YES;
				MACOSX_DEPLOYMENT_TARGET = 15.0;
				MTL_ENABLE_DEBUG_INFO = INCLUDE_SOURCE;
				MTL_FAST_MATH = YES;
				ONLY_ACTIVE_ARCH = YES;
				SDKROOT = macosx;
			};
			name = Debug;
		};
		2D73FC3D2C3EFFBF00B2C67A /* Release */ = {
			isa = XCBuildConfiguration;
			buildSettings = {
				ALWAYS_SEARCH_USER_PATHS = NO;
				ASSETCATALOG_COMPILER_GENERATE_SWIFT_ASSET_SYMBOL_EXTENSIONS = YES;
				CLANG_ANALYZER_NONNULL = YES;
				CLANG_ANALYZER_NUMBER_OBJECT_CONVERSION = YES_AGGRESSIVE;
				CLANG_CXX_LANGUAGE_STANDARD = "gnu++20";
				CLANG_ENABLE_MODULES = YES;
				CLANG_ENABLE_OBJC_ARC = YES;
				CLANG_ENABLE_OBJC_WEAK = YES;
				CLANG_WARN_BLOCK_CAPTURE_AUTORELEASING = YES;
				CLANG_WARN_BOOL_CONVERSION = YES;
				CLANG_WARN_COMMA = YES;
				CLANG_WARN_CONSTANT_CONVERSION = YES;
				CLANG_WARN_DEPRECATED_OBJC_IMPLEMENTATIONS = YES;
				CLANG_WARN_DIRECT_OBJC_ISA_USAGE = YES_ERROR;
				CLANG_WARN_DOCUMENTATION_COMMENTS = YES;
				CLANG_WARN_EMPTY_BODY = YES;
				CLANG_WARN_ENUM_CONVERSION = YES;
				CLANG_WARN_INFINITE_RECURSION = YES;
				CLANG_WARN_INT_CONVERSION = YES;
				CLANG_WARN_NON_LITERAL_NULL_CONVERSION = YES;
				CLANG_WARN_OBJC_IMPLICIT_RETAIN_SELF = YES;
				CLANG_WARN_OBJC_LITERAL_CONVERSION = YES;
				CLANG_WARN_OBJC_ROOT_CLASS = YES_ERROR;
				CLANG_WARN_QUOTED_INCLUDE_IN_FRAMEWORK_HEADER = YES;
				CLANG_WARN_RANGE_LOOP_ANALYSIS = YES;
				CLANG_WARN_STRICT_PROTOTYPES = YES;
				CLANG_WARN_SUSPICIOUS_MOVE = YES;
				CLANG_WARN_UNGUARDED_AVAILABILITY = YES_AGGRESSIVE;
				CLANG_WARN_UNREACHABLE_CODE = YES;
				CLANG_WARN__DUPLICATE_METHOD_MATCH = YES;
				COPY_PHASE_STRIP = NO;
				DEBUG_INFORMATION_FORMAT = "dwarf-with-dsym";
				ENABLE_NS_ASSERTIONS = NO;
				ENABLE_STRICT_OBJC_MSGSEND = YES;
				ENABLE_USER_SCRIPT_SANDBOXING = YES;
				GCC_C_LANGUAGE_STANDARD = gnu17;
				GCC_NO_COMMON_BLOCKS = YES;
				GCC_WARN_64_TO_32_BIT_CONVERSION = YES;
				GCC_WARN_ABOUT_RETURN_TYPE = YES_ERROR;
				GCC_WARN_UNDECLARED_SELECTOR = YES;
				GCC_WARN_UNINITIALIZED_AUTOS = YES_AGGRESSIVE;
				GCC_WARN_UNUSED_FUNCTION = YES;
				GCC_WARN_UNUSED_VARIABLE = YES;
				LOCALIZATION_PREFERS_STRING_CATALOGS = YES;
				MACOSX_DEPLOYMENT_TARGET = 15.0;
				MTL_ENABLE_DEBUG_INFO = NO;
				MTL_FAST_MATH = YES;
				SDKROOT = macosx;
			};
			name = Release;
		};
		2D73FC3F2C3EFFBF00B2C67A /* Debug */ = {
			isa = XCBuildConfiguration;
			buildSettings = {
				CODE_SIGN_STYLE = Automatic;
				DEVELOPMENT_TEAM = 7JZ4LMZQ3Z;
				ENABLE_HARDENED_RUNTIME = YES;
				PRODUCT_NAME = "$(TARGET_NAME)";
			};
			name = Debug;
		};
		2D73FC402C3EFFBF00B2C67A /* Release */ = {
			isa = XCBuildConfiguration;
			buildSettings = {
				CODE_SIGN_STYLE = Automatic;
				DEVELOPMENT_TEAM = 7JZ4LMZQ3Z;
				ENABLE_HARDENED_RUNTIME = YES;
				PRODUCT_NAME = "$(TARGET_NAME)";
			};
			name = Release;
		};
		2D73FC4A2C3F058700B2C67A /* Debug */ = {
			isa = XCBuildConfiguration;
			buildSettings = {
				CODE_SIGN_STYLE = Automatic;
				DEVELOPMENT_TEAM = 7JZ4LMZQ3Z;
				ENABLE_HARDENED_RUNTIME = YES;
				PRODUCT_NAME = "$(TARGET_NAME)";
			};
			name = Debug;
		};
		2D73FC4B2C3F058700B2C67A /* Release */ = {
			isa = XCBuildConfiguration;
			buildSettings = {
				CODE_SIGN_STYLE = Automatic;
				DEVELOPMENT_TEAM = 7JZ4LMZQ3Z;
				ENABLE_HARDENED_RUNTIME = YES;
				PRODUCT_NAME = "$(TARGET_NAME)";
			};
			name = Release;
		};
		2DB8878C2C4621D000B933B1 /* Debug */ = {
			isa = XCBuildConfiguration;
			buildSettings = {
				CODE_SIGN_STYLE = Automatic;
				DEVELOPMENT_TEAM = 7JZ4LMZQ3Z;
				ENABLE_HARDENED_RUNTIME = YES;
				PRODUCT_NAME = "$(TARGET_NAME)";
			};
			name = Debug;
		};
		2DB8878D2C4621D000B933B1 /* Release */ = {
			isa = XCBuildConfiguration;
			buildSettings = {
				CODE_SIGN_STYLE = Automatic;
				DEVELOPMENT_TEAM = 7JZ4LMZQ3Z;
				ENABLE_HARDENED_RUNTIME = YES;
				PRODUCT_NAME = "$(TARGET_NAME)";
			};
			name = Release;
		};
		2DB887A02C47155800B933B1 /* Debug */ = {
			isa = XCBuildConfiguration;
			buildSettings = {
				CODE_SIGN_STYLE = Automatic;
				DEVELOPMENT_TEAM = 7JZ4LMZQ3Z;
				ENABLE_HARDENED_RUNTIME = YES;
				PRODUCT_NAME = "$(TARGET_NAME)";
			};
			name = Debug;
		};
		2DB887A12C47155800B933B1 /* Release */ = {
			isa = XCBuildConfiguration;
			buildSettings = {
				CODE_SIGN_STYLE = Automatic;
				DEVELOPMENT_TEAM = 7JZ4LMZQ3Z;
				ENABLE_HARDENED_RUNTIME = YES;
				PRODUCT_NAME = "$(TARGET_NAME)";
			};
			name = Release;
		};
		2DB887B22C47248400B933B1 /* Debug */ = {
			isa = XCBuildConfiguration;
			buildSettings = {
				CODE_SIGN_STYLE = Automatic;
				DEVELOPMENT_TEAM = 7JZ4LMZQ3Z;
				ENABLE_HARDENED_RUNTIME = YES;
				PRODUCT_NAME = "$(TARGET_NAME)";
			};
			name = Debug;
		};
		2DB887B32C47248400B933B1 /* Release */ = {
			isa = XCBuildConfiguration;
			buildSettings = {
				CODE_SIGN_STYLE = Automatic;
				DEVELOPMENT_TEAM = 7JZ4LMZQ3Z;
				ENABLE_HARDENED_RUNTIME = YES;
				PRODUCT_NAME = "$(TARGET_NAME)";
			};
			name = Release;
		};
		2DB887C22C47749D00B933B1 /* Debug */ = {
			isa = XCBuildConfiguration;
			buildSettings = {
				CODE_SIGN_STYLE = Automatic;
				DEVELOPMENT_TEAM = 7JZ4LMZQ3Z;
				ENABLE_HARDENED_RUNTIME = YES;
				PRODUCT_NAME = "$(TARGET_NAME)";
			};
			name = Debug;
		};
		2DB887C32C47749D00B933B1 /* Release */ = {
			isa = XCBuildConfiguration;
			buildSettings = {
				CODE_SIGN_STYLE = Automatic;
				DEVELOPMENT_TEAM = 7JZ4LMZQ3Z;
				ENABLE_HARDENED_RUNTIME = YES;
				PRODUCT_NAME = "$(TARGET_NAME)";
			};
			name = Release;
		};
		2DB887CF2C477B9500B933B1 /* Debug */ = {
			isa = XCBuildConfiguration;
			buildSettings = {
				CODE_SIGN_STYLE = Automatic;
				DEVELOPMENT_TEAM = 7JZ4LMZQ3Z;
				ENABLE_HARDENED_RUNTIME = YES;
				PRODUCT_NAME = "$(TARGET_NAME)";
			};
			name = Debug;
		};
		2DB887D02C477B9500B933B1 /* Release */ = {
			isa = XCBuildConfiguration;
			buildSettings = {
				CODE_SIGN_STYLE = Automatic;
				DEVELOPMENT_TEAM = 7JZ4LMZQ3Z;
				ENABLE_HARDENED_RUNTIME = YES;
				PRODUCT_NAME = "$(TARGET_NAME)";
			};
			name = Release;
		};
/* End XCBuildConfiguration section */

/* Begin XCConfigurationList section */
		2D73FC322C3EFFBF00B2C67A /* Build configuration list for PBXProject "ENSF-694Lab3" */ = {
			isa = XCConfigurationList;
			buildConfigurations = (
				2D73FC3C2C3EFFBF00B2C67A /* Debug */,
				2D73FC3D2C3EFFBF00B2C67A /* Release */,
			);
			defaultConfigurationIsVisible = 0;
			defaultConfigurationName = Release;
		};
		2D73FC3E2C3EFFBF00B2C67A /* Build configuration list for PBXNativeTarget "ENSF-694Lab3" */ = {
			isa = XCConfigurationList;
			buildConfigurations = (
				2D73FC3F2C3EFFBF00B2C67A /* Debug */,
				2D73FC402C3EFFBF00B2C67A /* Release */,
			);
			defaultConfigurationIsVisible = 0;
			defaultConfigurationName = Release;
		};
		2D73FC492C3F058700B2C67A /* Build configuration list for PBXNativeTarget "exerciseA" */ = {
			isa = XCConfigurationList;
			buildConfigurations = (
				2D73FC4A2C3F058700B2C67A /* Debug */,
				2D73FC4B2C3F058700B2C67A /* Release */,
			);
			defaultConfigurationIsVisible = 0;
			defaultConfigurationName = Release;
		};
		2DB8878E2C4621D000B933B1 /* Build configuration list for PBXNativeTarget "exerciseC" */ = {
			isa = XCConfigurationList;
			buildConfigurations = (
				2DB8878C2C4621D000B933B1 /* Debug */,
				2DB8878D2C4621D000B933B1 /* Release */,
			);
			defaultConfigurationIsVisible = 0;
			defaultConfigurationName = Release;
		};
		2DB8879F2C47155800B933B1 /* Build configuration list for PBXNativeTarget "exerciseD" */ = {
			isa = XCConfigurationList;
			buildConfigurations = (
				2DB887A02C47155800B933B1 /* Debug */,
				2DB887A12C47155800B933B1 /* Release */,
			);
			defaultConfigurationIsVisible = 0;
			defaultConfigurationName = Release;
		};
		2DB887B12C47248400B933B1 /* Build configuration list for PBXNativeTarget "exerciseE" */ = {
			isa = XCConfigurationList;
			buildConfigurations = (
				2DB887B22C47248400B933B1 /* Debug */,
				2DB887B32C47248400B933B1 /* Release */,
			);
			defaultConfigurationIsVisible = 0;
			defaultConfigurationName = Release;
		};
		2DB887C12C47749D00B933B1 /* Build configuration list for PBXNativeTarget "exerciseF" */ = {
			isa = XCConfigurationList;
			buildConfigurations = (
				2DB887C22C47749D00B933B1 /* Debug */,
				2DB887C32C47749D00B933B1 /* Release */,
			);
			defaultConfigurationIsVisible = 0;
			defaultConfigurationName = Release;
		};
		2DB887CE2C477B9500B933B1 /* Build configuration list for PBXNativeTarget "exerciseB" */ = {
			isa = XCConfigurationList;
			buildConfigurations = (
				2DB887CF2C477B9500B933B1 /* Debug */,
				2DB887D02C477B9500B933B1 /* Release */,
			);
			defaultConfigurationIsVisible = 0;
			defaultConfigurationName = Release;
		};
/* End XCConfigurationList section */
	};
	rootObject = 2D73FC2F2C3EFFBF00B2C67A /* Project object */;
}
